
Microsoft Visual Studio Solution File, Format Version 12.00
# Visual Studio Version 16
VisualStudioVersion = 16.0.28803.352
MinimumVisualStudioVersion = 10.0.40219.1
Project("{FAE04EC0-301F-11D3-BF4B-00C04F79EFBC}") = "ConsoleApp1", "ConsoleApp1\ConsoleApp1.csproj", "{F9FECF9D-C5DD-4650-8268-4F40F5B3A251}"
EndProject
Global
	GlobalSection(SolutionConfigurationPlatforms) = preSolution
		Debug|Any CPU = Debug|Any CPU
		Release|Any CPU = Release|Any CPU
	EndGlobalSection
	GlobalSection(ProjectConfigurationPlatforms) = postSolution
		{F9FECF9D-C5DD-4650-8268-4F40F5B3A251}.Debug|Any CPU.ActiveCfg = Debug|Any CPU
		{F9FECF9D-C5DD-4650-8268-4F40F5B3A251}.Debug|Any CPU.Build.0 = Debug|Any CPU
		{F9FECF9D-C5DD-4650-8268-4F40F5B3A251}.Release|Any CPU.ActiveCfg = Release|Any CPU
		{F9FECF9D-C5DD-4650-8268-4F40F5B3A251}.Release|Any CPU.Build.0 = Release|Any CPU
	EndGlobalSection
	GlobalSection(SolutionProperties) = preSolution
		HideSolutionNode = FALSE
	EndGlobalSection
	GlobalSection(ExtensibilityGlobals) = postSolution
		SolutionGuid = {AA59655D-4D43-4BA2-8C6D-4C3A02A08D8E}
	EndGlobalSection
EndGlobal
